// !$*UTF8*$!
{
	archiveVersion = 1;
	classes = {
	};
	objectVersion = 46;
	objects = {

/* Begin PBXBuildFile section */
		467B156E1EEB079400F647A9 /* AppDelegate.swift in Sources */ = {isa = PBXBuildFile; fileRef = 467B156D1EEB079400F647A9 /* AppDelegate.swift */; };
		467B15701EEB079400F647A9 /* ViewController.swift in Sources */ = {isa = PBXBuildFile; fileRef = 467B156F1EEB079400F647A9 /* ViewController.swift */; };
		467B15731EEB079400F647A9 /* Main.storyboard in Resources */ = {isa = PBXBuildFile; fileRef = 467B15711EEB079400F647A9 /* Main.storyboard */; };
		467B15761EEB079400F647A9 /* Abkao.xcdatamodeld in Sources */ = {isa = PBXBuildFile; fileRef = 467B15741EEB079400F647A9 /* Abkao.xcdatamodeld */; };
		467B15781EEB079400F647A9 /* Assets.xcassets in Resources */ = {isa = PBXBuildFile; fileRef = 467B15771EEB079400F647A9 /* Assets.xcassets */; };
		467B157B1EEB079400F647A9 /* LaunchScreen.storyboard in Resources */ = {isa = PBXBuildFile; fileRef = 467B15791EEB079400F647A9 /* LaunchScreen.storyboard */; };
/* End PBXBuildFile section */

/* Begin PBXFileReference section */
		467B156A1EEB079400F647A9 /* Abkao.app */ = {isa = PBXFileReference; explicitFileType = wrapper.application; includeInIndex = 0; path = Abkao.app; sourceTree = BUILT_PRODUCTS_DIR; };
		467B156D1EEB079400F647A9 /* AppDelegate.swift */ = {isa = PBXFileReference; lastKnownFileType = sourcecode.swift; path = AppDelegate.swift; sourceTree = "<group>"; };
		467B156F1EEB079400F647A9 /* ViewController.swift */ = {isa = PBXFileReference; lastKnownFileType = sourcecode.swift; path = ViewController.swift; sourceTree = "<group>"; };
		467B15721EEB079400F647A9 /* Base */ = {isa = PBXFileReference; lastKnownFileType = file.storyboard; name = Base; path = Base.lproj/Main.storyboard; sourceTree = "<group>"; };
		467B15751EEB079400F647A9 /* Abkao.xcdatamodel */ = {isa = PBXFileReference; lastKnownFileType = wrapper.xcdatamodel; path = Abkao.xcdatamodel; sourceTree = "<group>"; };
		467B15771EEB079400F647A9 /* Assets.xcassets */ = {isa = PBXFileReference; lastKnownFileType = folder.assetcatalog; path = Assets.xcassets; sourceTree = "<group>"; };
		467B157A1EEB079400F647A9 /* Base */ = {isa = PBXFileReference; lastKnownFileType = file.storyboard; name = Base; path = Base.lproj/LaunchScreen.storyboard; sourceTree = "<group>"; };
		467B157C1EEB079400F647A9 /* Info.plist */ = {isa = PBXFileReference; lastKnownFileType = text.plist.xml; path = Info.plist; sourceTree = "<group>"; };
/* End PBXFileReference section */

/* Begin PBXFrameworksBuildPhase section */
		467B15671EEB079400F647A9 /* Frameworks */ = {
			isa = PBXFrameworksBuildPhase;
			buildActionMask = 2147483647;
			files = (
			);
			runOnlyForDeploymentPostprocessing = 0;
		};
/* End PBXFrameworksBuildPhase section */

/* Begin PBXGroup section */
		467B15611EEB079400F647A9 = {
			isa = PBXGroup;
			children = (
				467B156C1EEB079400F647A9 /* Abkao */,
				467B156B1EEB079400F647A9 /* Products */,
			);
			sourceTree = "<group>";
		};
		467B156B1EEB079400F647A9 /* Products */ = {
			isa = PBXGroup;
			children = (
				467B156A1EEB079400F647A9 /* Abkao.app */,
			);
			name = Products;
			sourceTree = "<group>";
		};
		467B156C1EEB079400F647A9 /* Abkao */ = {
			isa = PBXGroup;
			children = (
				467B156D1EEB079400F647A9 /* AppDelegate.swift */,
				467B156F1EEB079400F647A9 /* ViewController.swift */,
				467B15711EEB079400F647A9 /* Main.storyboard */,
				467B15771EEB079400F647A9 /* Assets.xcassets */,
				467B15791EEB079400F647A9 /* LaunchScreen.storyboard */,
				467B157C1EEB079400F647A9 /* Info.plist */,
				467B15741EEB079400F647A9 /* Abkao.xcdatamodeld */,
			);
			path = Abkao;
			sourceTree = "<group>";
		};
/* End PBXGroup section */

/* Begin PBXNativeTarget section */
		467B15691EEB079400F647A9 /* Abkao */ = {
			isa = PBXNativeTarget;
			buildConfigurationList = 467B157F1EEB079400F647A9 /* Build configuration list for PBXNativeTarget "Abkao" */;
			buildPhases = (
				467B15661EEB079400F647A9 /* Sources */,
				467B15671EEB079400F647A9 /* Frameworks */,
				467B15681EEB079400F647A9 /* Resources */,
			);
			buildRules = (
			);
			dependencies = (
			);
			name = Abkao;
			productName = Abkao;
			productReference = 467B156A1EEB079400F647A9 /* Abkao.app */;
			productType = "com.apple.product-type.application";
		};
/* End PBXNativeTarget section */

/* Begin PBXProject section */
		467B15621EEB079400F647A9 /* Project object */ = {
			isa = PBXProject;
			attributes = {
				LastSwiftUpdateCheck = 0810;
				LastUpgradeCheck = 0810;
				ORGANIZATIONNAME = Abkao;
				TargetAttributes = {
					467B15691EEB079400F647A9 = {
						CreatedOnToolsVersion = 8.1;
						ProvisioningStyle = Automatic;
					};
				};
			};
			buildConfigurationList = 467B15651EEB079400F647A9 /* Build configuration list for PBXProject "Abkao" */;
			compatibilityVersion = "Xcode 3.2";
			developmentRegion = English;
			hasScannedForEncodings = 0;
			knownRegions = (
				en,
				Base,
			);
			mainGroup = 467B15611EEB079400F647A9;
			productRefGroup = 467B156B1EEB079400F647A9 /* Products */;
			projectDirPath = "";
			projectRoot = "";
			targets = (
				467B15691EEB079400F647A9 /* Abkao */,
			);
		};
/* End PBXProject section */

/* Begin PBXResourcesBuildPhase section */
		467B15681EEB079400F647A9 /* Resources */ = {
			isa = PBXResourcesBuildPhase;
			buildActionMask = 2147483647;
			files = (
				467B157B1EEB079400F647A9 /* LaunchScreen.storyboard in Resources */,
				467B15781EEB079400F647A9 /* Assets.xcassets in Resources */,
				467B15731EEB079400F647A9 /* Main.storyboard in Resources */,
			);
			runOnlyForDeploymentPostprocessing = 0;
		};
/* End PBXResourcesBuildPhase section */

/* Begin PBXSourcesBuildPhase section */
		467B15661EEB079400F647A9 /* Sources */ = {
			isa = PBXSourcesBuildPhase;
			buildActionMask = 2147483647;
			files = (
				467B15701EEB079400F647A9 /* ViewController.swift in Sources */,
				467B15761EEB079400F647A9 /* Abkao.xcdatamodeld in Sources */,
				467B156E1EEB079400F647A9 /* AppDelegate.swift in Sources */,
			);
			runOnlyForDeploymentPostprocessing = 0;
		};
/* End PBXSourcesBuildPhase section */

/* Begin PBXVariantGroup section */
		467B15711EEB079400F647A9 /* Main.storyboard */ = {
			isa = PBXVariantGroup;
			children = (
				467B15721EEB079400F647A9 /* Base */,
			);
			name = Main.storyboard;
			sourceTree = "<group>";
		};
		467B15791EEB079400F647A9 /* LaunchScreen.storyboard */ = {
			isa = PBXVariantGroup;
			children = (
				467B157A1EEB079400F647A9 /* Base */,
			);
			name = LaunchScreen.storyboard;
			sourceTree = "<group>";
		};
/* End PBXVariantGroup section */

/* Begin XCBuildConfiguration section */
		467B157D1EEB079400F647A9 /* Debug */ = {
			isa = XCBuildConfiguration;
			buildSettings = {
				ALWAYS_SEARCH_USER_PATHS = NO;
				CLANG_ANALYZER_NONNULL = YES;
				CLANG_CXX_LANGUAGE_STANDARD = "gnu++0x";
				CLANG_CXX_LIBRARY = "libc++";
				CLANG_ENABLE_MODULES = YES;
				CLANG_ENABLE_OBJC_ARC = YES;
				CLANG_WARN_BOOL_CONVERSION = YES;
				CLANG_WARN_CONSTANT_CONVERSION = YES;
				CLANG_WARN_DIRECT_OBJC_ISA_USAGE = YES_ERROR;
				CLANG_WARN_DOCUMENTATION_COMMENTS = YES;
				CLANG_WARN_EMPTY_BODY = YES;
				CLANG_WARN_ENUM_CONVERSION = YES;
				CLANG_WARN_INFINITE_RECURSION = YES;
				CLANG_WARN_INT_CONVERSION = YES;
				CLANG_WARN_OBJC_ROOT_CLASS = YES_ERROR;
				CLANG_WARN_SUSPICIOUS_MOVES = YES;
				CLANG_WARN_UNREACHABLE_CODE = YES;
				CLANG_WARN__DUPLICATE_METHOD_MATCH = YES;
				"CODE_SIGN_IDENTITY[sdk=iphoneos*]" = "iPhone Developer";
				COPY_PHASE_STRIP = NO;
				DEBUG_INFORMATION_FORMAT = dwarf;
				ENABLE_STRICT_OBJC_MSGSEND = YES;
				ENABLE_TESTABILITY = YES;
				GCC_C_LANGUAGE_STANDARD = gnu99;
				GCC_DYNAMIC_NO_PIC = NO;
				GCC_NO_COMMON_BLOCKS = YES;
				GCC_OPTIMIZATION_LEVEL = 0;
				GCC_PREPROCESSOR_DEFINITIONS = (
					"DEBUG=1",
					"$(inherited)",
				);
				GCC_WARN_64_TO_32_BIT_CONVERSION = YES;
				GCC_WARN_ABOUT_RETURN_TYPE = YES_ERROR;
				GCC_WARN_UNDECLARED_SELECTOR = YES;
				GCC_WARN_UNINITIALIZED_AUTOS = YES_AGGRESSIVE;
				GCC_WARN_UNUSED_FUNCTION = YES;
				GCC_WARN_UNUSED_VARIABLE = YES;
				IPHONEOS_DEPLOYMENT_TARGET = 10.1;
				MTL_ENABLE_DEBUG_INFO = YES;
				ONLY_ACTIVE_ARCH = YES;
				SDKROOT = iphoneos;
				SWIFT_ACTIVE_COMPILATION_CONDITIONS = DEBUG;
				SWIFT_OPTIMIZATION_LEVEL = "-Onone";
				TARGETED_DEVICE_FAMILY = 2;
			};
			name = Debug;
		};
		467B157E1EEB079400F647A9 /* Release */ = {
			isa = XCBuildConfiguration;
			buildSettings = {
				ALWAYS_SEARCH_USER_PATHS = NO;
				CLANG_ANALYZER_NONNULL = YES;
				CLANG_CXX_LANGUAGE_STANDARD = "gnu++0x";
				CLANG_CXX_LIBRARY = "libc++";
				CLANG_ENABLE_MODULES = YES;
				CLANG_ENABLE_OBJC_ARC = YES;
				CLANG_WARN_BOOL_CONVERSION = YES;
				CLANG_WARN_CONSTANT_CONVERSION = YES;
				CLANG_WARN_DIRECT_OBJC_ISA_USAGE = YES_ERROR;
				CLANG_WARN_DOCUMENTATION_COMMENTS = YES;
				CLANG_WARN_EMPTY_BODY = YES;
				CLANG_WARN_ENUM_CONVERSION = YES;
				CLANG_WARN_INFINITE_RECURSION = YES;
				CLANG_WARN_INT_CONVERSION = YES;
				CLANG_WARN_OBJC_ROOT_CLASS = YES_ERROR;
				CLANG_WARN_SUSPICIOUS_MOVES = YES;
				CLANG_WARN_UNREACHABLE_CODE = YES;
				CLANG_WARN__DUPLICATE_METHOD_MATCH = YES;
				"CODE_SIGN_IDENTITY[sdk=iphoneos*]" = "iPhone Developer";
				COPY_PHASE_STRIP = NO;
				DEBUG_INFORMATION_FORMAT = "dwarf-with-dsym";
				ENABLE_NS_ASSERTIONS = NO;
				ENABLE_STRICT_OBJC_MSGSEND = YES;
				GCC_C_LANGUAGE_STANDARD = gnu99;
				GCC_NO_COMMON_BLOCKS = YES;
				GCC_WARN_64_TO_32_BIT_CONVERSION = YES;
				GCC_WARN_ABOUT_RETURN_TYPE = YES_ERROR;
				GCC_WARN_UNDECLARED_SELECTOR = YES;
				GCC_WARN_UNINITIALIZED_AUTOS = YES_AGGRESSIVE;
				GCC_WARN_UNUSED_FUNCTION = YES;
				GCC_WARN_UNUSED_VARIABLE = YES;
				IPHONEOS_DEPLOYMENT_TARGET = 10.1;
				MTL_ENABLE_DEBUG_INFO = NO;
				SDKROOT = iphoneos;
				SWIFT_OPTIMIZATION_LEVEL = "-Owholemodule";
				TARGETED_DEVICE_FAMILY = 2;
				VALIDATE_PRODUCT = YES;
			};
			name = Release;
		};
		467B15801EEB079400F647A9 /* Debug */ = {
			isa = XCBuildConfiguration;
			buildSettings = {
				ASSETCATALOG_COMPILER_APPICON_NAME = AppIcon;
				INFOPLIST_FILE = Abkao/Info.plist;
				LD_RUNPATH_SEARCH_PATHS = "$(inherited) @executable_path/Frameworks";
				PRODUCT_BUNDLE_IDENTIFIER = Abkao.Abkao;
				PRODUCT_NAME = "$(TARGET_NAME)";
				SWIFT_VERSION = 3.0;
			};
			name = Debug;
		};
		467B15811EEB079400F647A9 /* Release */ = {
			isa = XCBuildConfiguration;
			buildSettings = {
				ASSETCATALOG_COMPILER_APPICON_NAME = AppIcon;
				INFOPLIST_FILE = Abkao/Info.plist;
				LD_RUNPATH_SEARCH_PATHS = "$(inherited) @executable_path/Frameworks";
				PRODUCT_BUNDLE_IDENTIFIER = Abkao.Abkao;
				PRODUCT_NAME = "$(TARGET_NAME)";
				SWIFT_VERSION = 3.0;
			};
			name = Release;
		};
/* End XCBuildConfiguration section */

/* Begin XCConfigurationList section */
		467B15651EEB079400F647A9 /* Build configuration list for PBXProject "Abkao" */ = {
			isa = XCConfigurationList;
			buildConfigurations = (
				467B157D1EEB079400F647A9 /* Debug */,
				467B157E1EEB079400F647A9 /* Release */,
			);
			defaultConfigurationIsVisible = 0;
			defaultConfigurationName = Release;
		};
		467B157F1EEB079400F647A9 /* Build configuration list for PBXNativeTarget "Abkao" */ = {
			isa = XCConfigurationList;
			buildConfigurations = (
				467B15801EEB079400F647A9 /* Debug */,
				467B15811EEB079400F647A9 /* Release */,
			);
			defaultConfigurationIsVisible = 0;
		};
/* End XCConfigurationList section */

/* Begin XCVersionGroup section */
		467B15741EEB079400F647A9 /* Abkao.xcdatamodeld */ = {
			isa = XCVersionGroup;
			children = (
				467B15751EEB079400F647A9 /* Abkao.xcdatamodel */,
			);
			currentVersion = 467B15751EEB079400F647A9 /* Abkao.xcdatamodel */;
			path = Abkao.xcdatamodeld;
			sourceTree = "<group>";
			versionGroupType = wrapper.xcdatamodel;
		};
/* End XCVersionGroup section */
	};
	rootObject = 467B15621EEB079400F647A9 /* Project object */;
}
